
Microsoft Visual Studio Solution File, Format Version 12.00
# Visual Studio Version 17
VisualStudioVersion = 17.8.34330.188
MinimumVisualStudioVersion = 10.0.40219.1
Project("{FAE04EC0-301F-11D3-BF4B-00C04F79EFBC}") = "Funcaptcha Solver Api Example", "Funcaptcha Solver Api Example\Funcaptcha Solver Api Example.csproj", "{8FB54CA7-340D-4323-A04F-71F2963B1C19}"
EndProject
Global
	GlobalSection(SolutionConfigurationPlatforms) = preSolution
		Debug|Any CPU = Debug|Any CPU
		Release|Any CPU = Release|Any CPU
	EndGlobalSection
	GlobalSection(ProjectConfigurationPlatforms) = postSolution
		{8FB54CA7-340D-4323-A04F-71F2963B1C19}.Debug|Any CPU.ActiveCfg = Debug|Any CPU
		{8FB54CA7-340D-4323-A04F-71F2963B1C19}.Debug|Any CPU.Build.0 = Debug|Any CPU
		{8FB54CA7-340D-4323-A04F-71F2963B1C19}.Release|Any CPU.ActiveCfg = Release|Any CPU
		{8FB54CA7-340D-4323-A04F-71F2963B1C19}.Release|Any CPU.Build.0 = Release|Any CPU
	EndGlobalSection
	GlobalSection(SolutionProperties) = preSolution
		HideSolutionNode = FALSE
	EndGlobalSection
	GlobalSection(ExtensibilityGlobals) = postSolution
		SolutionGuid = {61C1A6D5-4F75-47EC-A909-9AE93DCC947B}
	EndGlobalSection
EndGlobal
